{
    "_meta": {
        "hash": {
            "sha256": "00422a9ef84f3cea0af5d82ef4fad9fdccae3c520a2e81341354474c9e1e237c"
        },
        "host-environment-markers": {
            "implementation_name": "cpython",
            "implementation_version": "3.6.1",
            "os_name": "posix",
            "platform_machine": "x86_64",
            "platform_python_implementation": "CPython",
            "platform_release": "17.2.0",
            "platform_system": "Darwin",
            "platform_version": "Darwin Kernel Version 17.2.0: Fri Sep 29 18:27:05 PDT 2017; root:xnu-4570.20.62~3/RELEASE_X86_64",
            "python_full_version": "3.6.1",
            "python_version": "3.6",
            "sys_platform": "darwin"
        },
        "pipfile-spec": 6,
        "requires": {},
        "sources": [
            {
                "url": "https://pypi.python.org/simple",
                "verify_ssl": true
            }
        ]
    },
    "default": {
        "attrs": {
            "hashes": [],
            "version": "==17.4.0"
        },
        "beautifulsoup4": {
            "hashes": [],
            "version": "==4.6.0"
        },
        "boto3": {
            "hashes": [],
            "version": "==1.5.14"
        },
        "botocore": {
            "hashes": [],
            "version": "==1.8.28"
        },
        "dj-database-url": {
            "hashes": [],
            "version": "==0.4.2"
        },
        "django": {
            "hashes": [],
            "version": "==2.0.1"
        },
        "django-cors-headers": {
            "hashes": [],
            "version": "==2.1.0"
        },
        "django-extra-fields": {
            "hashes": [],
            "version": "==0.9"
        },
        "django-storages": {
            "hashes": [],
            "version": "==1.6.5"
        },
        "djangorestframework": {
            "hashes": [],
            "version": "==3.7.7"
        },
        "docutils": {
            "hashes": [],
            "version": "==0.14"
        },
        "gunicorn": {
            "hashes": [],
            "version": "==19.7.1"
        },
        "jmespath": {
            "hashes": [],
            "version": "==0.9.3"
        },
        "pillow": {
            "hashes": [],
            "version": "==5.0.0"
        },
        "pluggy": {
            "hashes": [],
            "version": "==0.6.0"
        },
        "psycopg2": {
            "hashes": [],
            "version": "==2.7.3.2"
        },
        "py": {
            "hashes": [],
            "version": "==1.5.2"
        },
        "pytest": {
            "hashes": [],
            "version": "==3.3.2"
        },
        "pytest-django": {
            "hashes": [],
            "version": "==3.1.2"
        },
        "python-dateutil": {
            "hashes": [],
            "version": "==2.6.1"
        },
        "pytz": {
            "hashes": [],
            "version": "==2017.3"
        },
        "s3transfer": {
            "hashes": [],
            "version": "==0.1.12"
        },
        "six": {
            "hashes": [],
            "version": "==1.11.0"
        },
        "whitenoise": {
            "hashes": [],
            "version": "==3.3.1"
        }
    },
    "develop": {
        "attrs": {
            "hashes": [],
            "version": "==17.4.0"
        },
        "pluggy": {
            "hashes": [],
            "version": "==0.6.0"
        },
        "py": {
            "hashes": [],
            "version": "==1.5.2"
        },
        "pytest": {
            "hashes": [],
            "version": "==3.3.2"
        },
        "pytest-django": {
            "hashes": [],
            "version": "==3.1.2"
        },
        "six": {
            "hashes": [],
            "version": "==1.11.0"
        }
    }
}
